// !$*UTF8*$!
{
	archiveVersion = 1;
	classes = {
	};
	objectVersion = 56;
	objects = {

/* Begin PBXBuildFile section */
		72A8BCC32C0F0D7A00851BC1 /* SwiftMVVMApp.swift in Sources */ = {isa = PBXBuildFile; fileRef = 72A8BCC22C0F0D7A00851BC1 /* SwiftMVVMApp.swift */; };
		72A8BCC52C0F0D7A00851BC1 /* ContentView.swift in Sources */ = {isa = PBXBuildFile; fileRef = 72A8BCC42C0F0D7A00851BC1 /* ContentView.swift */; };
		72A8BCC72C0F0D7D00851BC1 /* Assets.xcassets in Resources */ = {isa = PBXBuildFile; fileRef = 72A8BCC62C0F0D7D00851BC1 /* Assets.xcassets */; };
		72A8BCCA2C0F0D7D00851BC1 /* Preview Assets.xcassets in Resources */ = {isa = PBXBuildFile; fileRef = 72A8BCC92C0F0D7D00851BC1 /* Preview Assets.xcassets */; };
		72A8BCD42C0F0D7D00851BC1 /* SwiftMVVMTests.swift in Sources */ = {isa = PBXBuildFile; fileRef = 72A8BCD32C0F0D7D00851BC1 /* SwiftMVVMTests.swift */; };
		72A8BCDE2C0F0D7D00851BC1 /* SwiftMVVMUITests.swift in Sources */ = {isa = PBXBuildFile; fileRef = 72A8BCDD2C0F0D7D00851BC1 /* SwiftMVVMUITests.swift */; };
		72A8BCE02C0F0D7D00851BC1 /* SwiftMVVMUITestsLaunchTests.swift in Sources */ = {isa = PBXBuildFile; fileRef = 72A8BCDF2C0F0D7D00851BC1 /* SwiftMVVMUITestsLaunchTests.swift */; };
/* End PBXBuildFile section */

/* Begin PBXContainerItemProxy section */
		72A8BCD02C0F0D7D00851BC1 /* PBXContainerItemProxy */ = {
			isa = PBXContainerItemProxy;
			containerPortal = 72A8BCB72C0F0D7A00851BC1 /* Project object */;
			proxyType = 1;
			remoteGlobalIDString = 72A8BCBE2C0F0D7A00851BC1;
			remoteInfo = SwiftMVVM;
		};
		72A8BCDA2C0F0D7D00851BC1 /* PBXContainerItemProxy */ = {
			isa = PBXContainerItemProxy;
			containerPortal = 72A8BCB72C0F0D7A00851BC1 /* Project object */;
			proxyType = 1;
			remoteGlobalIDString = 72A8BCBE2C0F0D7A00851BC1;
			remoteInfo = SwiftMVVM;
		};
/* End PBXContainerItemProxy section */

/* Begin PBXFileReference section */
		72A8BCBF2C0F0D7A00851BC1 /* SwiftMVVM.app */ = {isa = PBXFileReference; explicitFileType = wrapper.application; includeInIndex = 0; path = SwiftMVVM.app; sourceTree = BUILT_PRODUCTS_DIR; };
		72A8BCC22C0F0D7A00851BC1 /* SwiftMVVMApp.swift */ = {isa = PBXFileReference; lastKnownFileType = sourcecode.swift; path = SwiftMVVMApp.swift; sourceTree = "<group>"; };
		72A8BCC42C0F0D7A00851BC1 /* ContentView.swift */ = {isa = PBXFileReference; lastKnownFileType = sourcecode.swift; path = ContentView.swift; sourceTree = "<group>"; };
		72A8BCC62C0F0D7D00851BC1 /* Assets.xcassets */ = {isa = PBXFileReference; lastKnownFileType = folder.assetcatalog; path = Assets.xcassets; sourceTree = "<group>"; };
		72A8BCC92C0F0D7D00851BC1 /* Preview Assets.xcassets */ = {isa = PBXFileReference; lastKnownFileType = folder.assetcatalog; path = "Preview Assets.xcassets"; sourceTree = "<group>"; };
		72A8BCCF2C0F0D7D00851BC1 /* SwiftMVVMTests.xctest */ = {isa = PBXFileReference; explicitFileType = wrapper.cfbundle; includeInIndex = 0; path = SwiftMVVMTests.xctest; sourceTree = BUILT_PRODUCTS_DIR; };
		72A8BCD32C0F0D7D00851BC1 /* SwiftMVVMTests.swift */ = {isa = PBXFileReference; lastKnownFileType = sourcecode.swift; path = SwiftMVVMTests.swift; sourceTree = "<group>"; };
		72A8BCD92C0F0D7D00851BC1 /* SwiftMVVMUITests.xctest */ = {isa = PBXFileReference; explicitFileType = wrapper.cfbundle; includeInIndex = 0; path = SwiftMVVMUITests.xctest; sourceTree = BUILT_PRODUCTS_DIR; };
		72A8BCDD2C0F0D7D00851BC1 /* SwiftMVVMUITests.swift */ = {isa = PBXFileReference; lastKnownFileType = sourcecode.swift; path = SwiftMVVMUITests.swift; sourceTree = "<group>"; };
		72A8BCDF2C0F0D7D00851BC1 /* SwiftMVVMUITestsLaunchTests.swift */ = {isa = PBXFileReference; lastKnownFileType = sourcecode.swift; path = SwiftMVVMUITestsLaunchTests.swift; sourceTree = "<group>"; };
/* End PBXFileReference section */

/* Begin PBXFrameworksBuildPhase section */
		72A8BCBC2C0F0D7A00851BC1 /* Frameworks */ = {
			isa = PBXFrameworksBuildPhase;
			buildActionMask = 2147483647;
			files = (
			);
			runOnlyForDeploymentPostprocessing = 0;
		};
		72A8BCCC2C0F0D7D00851BC1 /* Frameworks */ = {
			isa = PBXFrameworksBuildPhase;
			buildActionMask = 2147483647;
			files = (
			);
			runOnlyForDeploymentPostprocessing = 0;
		};
		72A8BCD62C0F0D7D00851BC1 /* Frameworks */ = {
			isa = PBXFrameworksBuildPhase;
			buildActionMask = 2147483647;
			files = (
			);
			runOnlyForDeploymentPostprocessing = 0;
		};
/* End PBXFrameworksBuildPhase section */

/* Begin PBXGroup section */
		72A8BCB62C0F0D7A00851BC1 = {
			isa = PBXGroup;
			children = (
				72A8BCC12C0F0D7A00851BC1 /* SwiftMVVM */,
				72A8BCD22C0F0D7D00851BC1 /* SwiftMVVMTests */,
				72A8BCDC2C0F0D7D00851BC1 /* SwiftMVVMUITests */,
				72A8BCC02C0F0D7A00851BC1 /* Products */,
			);
			sourceTree = "<group>";
		};
		72A8BCC02C0F0D7A00851BC1 /* Products */ = {
			isa = PBXGroup;
			children = (
				72A8BCBF2C0F0D7A00851BC1 /* SwiftMVVM.app */,
				72A8BCCF2C0F0D7D00851BC1 /* SwiftMVVMTests.xctest */,
				72A8BCD92C0F0D7D00851BC1 /* SwiftMVVMUITests.xctest */,
			);
			name = Products;
			sourceTree = "<group>";
		};
		72A8BCC12C0F0D7A00851BC1 /* SwiftMVVM */ = {
			isa = PBXGroup;
			children = (
				72A8BCC22C0F0D7A00851BC1 /* SwiftMVVMApp.swift */,
				72A8BCC42C0F0D7A00851BC1 /* ContentView.swift */,
				72A8BCC62C0F0D7D00851BC1 /* Assets.xcassets */,
				72A8BCC82C0F0D7D00851BC1 /* Preview Content */,
			);
			path = SwiftMVVM;
			sourceTree = "<group>";
		};
		72A8BCC82C0F0D7D00851BC1 /* Preview Content */ = {
			isa = PBXGroup;
			children = (
				72A8BCC92C0F0D7D00851BC1 /* Preview Assets.xcassets */,
			);
			path = "Preview Content";
			sourceTree = "<group>";
		};
		72A8BCD22C0F0D7D00851BC1 /* SwiftMVVMTests */ = {
			isa = PBXGroup;
			children = (
				72A8BCD32C0F0D7D00851BC1 /* SwiftMVVMTests.swift */,
			);
			path = SwiftMVVMTests;
			sourceTree = "<group>";
		};
		72A8BCDC2C0F0D7D00851BC1 /* SwiftMVVMUITests */ = {
			isa = PBXGroup;
			children = (
				72A8BCDD2C0F0D7D00851BC1 /* SwiftMVVMUITests.swift */,
				72A8BCDF2C0F0D7D00851BC1 /* SwiftMVVMUITestsLaunchTests.swift */,
			);
			path = SwiftMVVMUITests;
			sourceTree = "<group>";
		};
/* End PBXGroup section */

/* Begin PBXNativeTarget section */
		72A8BCBE2C0F0D7A00851BC1 /* SwiftMVVM */ = {
			isa = PBXNativeTarget;
			buildConfigurationList = 72A8BCE32C0F0D7D00851BC1 /* Build configuration list for PBXNativeTarget "SwiftMVVM" */;
			buildPhases = (
				72A8BCBB2C0F0D7A00851BC1 /* Sources */,
				72A8BCBC2C0F0D7A00851BC1 /* Frameworks */,
				72A8BCBD2C0F0D7A00851BC1 /* Resources */,
			);
			buildRules = (
			);
			dependencies = (
			);
			name = SwiftMVVM;
			productName = SwiftMVVM;
			productReference = 72A8BCBF2C0F0D7A00851BC1 /* SwiftMVVM.app */;
			productType = "com.apple.product-type.application";
		};
		72A8BCCE2C0F0D7D00851BC1 /* SwiftMVVMTests */ = {
			isa = PBXNativeTarget;
			buildConfigurationList = 72A8BCE62C0F0D7D00851BC1 /* Build configuration list for PBXNativeTarget "SwiftMVVMTests" */;
			buildPhases = (
				72A8BCCB2C0F0D7D00851BC1 /* Sources */,
				72A8BCCC2C0F0D7D00851BC1 /* Frameworks */,
				72A8BCCD2C0F0D7D00851BC1 /* Resources */,
			);
			buildRules = (
			);
			dependencies = (
				72A8BCD12C0F0D7D00851BC1 /* PBXTargetDependency */,
			);
			name = SwiftMVVMTests;
			productName = SwiftMVVMTests;
			productReference = 72A8BCCF2C0F0D7D00851BC1 /* SwiftMVVMTests.xctest */;
			productType = "com.apple.product-type.bundle.unit-test";
		};
		72A8BCD82C0F0D7D00851BC1 /* SwiftMVVMUITests */ = {
			isa = PBXNativeTarget;
			buildConfigurationList = 72A8BCE92C0F0D7D00851BC1 /* Build configuration list for PBXNativeTarget "SwiftMVVMUITests" */;
			buildPhases = (
				72A8BCD52C0F0D7D00851BC1 /* Sources */,
				72A8BCD62C0F0D7D00851BC1 /* Frameworks */,
				72A8BCD72C0F0D7D00851BC1 /* Resources */,
			);
			buildRules = (
			);
			dependencies = (
				72A8BCDB2C0F0D7D00851BC1 /* PBXTargetDependency */,
			);
			name = SwiftMVVMUITests;
			productName = SwiftMVVMUITests;
			productReference = 72A8BCD92C0F0D7D00851BC1 /* SwiftMVVMUITests.xctest */;
			productType = "com.apple.product-type.bundle.ui-testing";
		};
/* End PBXNativeTarget section */

/* Begin PBXProject section */
		72A8BCB72C0F0D7A00851BC1 /* Project object */ = {
			isa = PBXProject;
			attributes = {
				BuildIndependentTargetsInParallel = 1;
				LastSwiftUpdateCheck = 1500;
				LastUpgradeCheck = 1500;
				TargetAttributes = {
					72A8BCBE2C0F0D7A00851BC1 = {
						CreatedOnToolsVersion = 15.0;
					};
					72A8BCCE2C0F0D7D00851BC1 = {
						CreatedOnToolsVersion = 15.0;
						TestTargetID = 72A8BCBE2C0F0D7A00851BC1;
					};
					72A8BCD82C0F0D7D00851BC1 = {
						CreatedOnToolsVersion = 15.0;
						TestTargetID = 72A8BCBE2C0F0D7A00851BC1;
					};
				};
			};
			buildConfigurationList = 72A8BCBA2C0F0D7A00851BC1 /* Build configuration list for PBXProject "SwiftMVVM" */;
			compatibilityVersion = "Xcode 14.0";
			developmentRegion = en;
			hasScannedForEncodings = 0;
			knownRegions = (
				en,
				Base,
			);
			mainGroup = 72A8BCB62C0F0D7A00851BC1;
			productRefGroup = 72A8BCC02C0F0D7A00851BC1 /* Products */;
			projectDirPath = "";
			projectRoot = "";
			targets = (
				72A8BCBE2C0F0D7A00851BC1 /* SwiftMVVM */,
				72A8BCCE2C0F0D7D00851BC1 /* SwiftMVVMTests */,
				72A8BCD82C0F0D7D00851BC1 /* SwiftMVVMUITests */,
			);
		};
/* End PBXProject section */

/* Begin PBXResourcesBuildPhase section */
		72A8BCBD2C0F0D7A00851BC1 /* Resources */ = {
			isa = PBXResourcesBuildPhase;
			buildActionMask = 2147483647;
			files = (
				72A8BCCA2C0F0D7D00851BC1 /* Preview Assets.xcassets in Resources */,
				72A8BCC72C0F0D7D00851BC1 /* Assets.xcassets in Resources */,
			);
			runOnlyForDeploymentPostprocessing = 0;
		};
		72A8BCCD2C0F0D7D00851BC1 /* Resources */ = {
			isa = PBXResourcesBuildPhase;
			buildActionMask = 2147483647;
			files = (
			);
			runOnlyForDeploymentPostprocessing = 0;
		};
		72A8BCD72C0F0D7D00851BC1 /* Resources */ = {
			isa = PBXResourcesBuildPhase;
			buildActionMask = 2147483647;
			files = (
			);
			runOnlyForDeploymentPostprocessing = 0;
		};
/* End PBXResourcesBuildPhase section */

/* Begin PBXSourcesBuildPhase section */
		72A8BCBB2C0F0D7A00851BC1 /* Sources */ = {
			isa = PBXSourcesBuildPhase;
			buildActionMask = 2147483647;
			files = (
				72A8BCC52C0F0D7A00851BC1 /* ContentView.swift in Sources */,
				72A8BCC32C0F0D7A00851BC1 /* SwiftMVVMApp.swift in Sources */,
			);
			runOnlyForDeploymentPostprocessing = 0;
		};
		72A8BCCB2C0F0D7D00851BC1 /* Sources */ = {
			isa = PBXSourcesBuildPhase;
			buildActionMask = 2147483647;
			files = (
				72A8BCD42C0F0D7D00851BC1 /* SwiftMVVMTests.swift in Sources */,
			);
			runOnlyForDeploymentPostprocessing = 0;
		};
		72A8BCD52C0F0D7D00851BC1 /* Sources */ = {
			isa = PBXSourcesBuildPhase;
			buildActionMask = 2147483647;
			files = (
				72A8BCE02C0F0D7D00851BC1 /* SwiftMVVMUITestsLaunchTests.swift in Sources */,
				72A8BCDE2C0F0D7D00851BC1 /* SwiftMVVMUITests.swift in Sources */,
			);
			runOnlyForDeploymentPostprocessing = 0;
		};
/* End PBXSourcesBuildPhase section */

/* Begin PBXTargetDependency section */
		72A8BCD12C0F0D7D00851BC1 /* PBXTargetDependency */ = {
			isa = PBXTargetDependency;
			target = 72A8BCBE2C0F0D7A00851BC1 /* SwiftMVVM */;
			targetProxy = 72A8BCD02C0F0D7D00851BC1 /* PBXContainerItemProxy */;
		};
		72A8BCDB2C0F0D7D00851BC1 /* PBXTargetDependency */ = {
			isa = PBXTargetDependency;
			target = 72A8BCBE2C0F0D7A00851BC1 /* SwiftMVVM */;
			targetProxy = 72A8BCDA2C0F0D7D00851BC1 /* PBXContainerItemProxy */;
		};
/* End PBXTargetDependency section */

/* Begin XCBuildConfiguration section */
		72A8BCE12C0F0D7D00851BC1 /* Debug */ = {
			isa = XCBuildConfiguration;
			buildSettings = {
				ALWAYS_SEARCH_USER_PATHS = NO;
				ASSETCATALOG_COMPILER_GENERATE_SWIFT_ASSET_SYMBOL_EXTENSIONS = YES;
				CLANG_ANALYZER_NONNULL = YES;
				CLANG_ANALYZER_NUMBER_OBJECT_CONVERSION = YES_AGGRESSIVE;
				CLANG_CXX_LANGUAGE_STANDARD = "gnu++20";
				CLANG_ENABLE_MODULES = YES;
				CLANG_ENABLE_OBJC_ARC = YES;
				CLANG_ENABLE_OBJC_WEAK = YES;
				CLANG_WARN_BLOCK_CAPTURE_AUTORELEASING = YES;
				CLANG_WARN_BOOL_CONVERSION = YES;
				CLANG_WARN_COMMA = YES;
				CLANG_WARN_CONSTANT_CONVERSION = YES;
				CLANG_WARN_DEPRECATED_OBJC_IMPLEMENTATIONS = YES;
				CLANG_WARN_DIRECT_OBJC_ISA_USAGE = YES_ERROR;
				CLANG_WARN_DOCUMENTATION_COMMENTS = YES;
				CLANG_WARN_EMPTY_BODY = YES;
				CLANG_WARN_ENUM_CONVERSION = YES;
				CLANG_WARN_INFINITE_RECURSION = YES;
				CLANG_WARN_INT_CONVERSION = YES;
				CLANG_WARN_NON_LITERAL_NULL_CONVERSION = YES;
				CLANG_WARN_OBJC_IMPLICIT_RETAIN_SELF = YES;
				CLANG_WARN_OBJC_LITERAL_CONVERSION = YES;
				CLANG_WARN_OBJC_ROOT_CLASS = YES_ERROR;
				CLANG_WARN_QUOTED_INCLUDE_IN_FRAMEWORK_HEADER = YES;
				CLANG_WARN_RANGE_LOOP_ANALYSIS = YES;
				CLANG_WARN_STRICT_PROTOTYPES = YES;
				CLANG_WARN_SUSPICIOUS_MOVE = YES;
				CLANG_WARN_UNGUARDED_AVAILABILITY = YES_AGGRESSIVE;
				CLANG_WARN_UNREACHABLE_CODE = YES;
				CLANG_WARN__DUPLICATE_METHOD_MATCH = YES;
				COPY_PHASE_STRIP = NO;
				DEBUG_INFORMATION_FORMAT = dwarf;
				ENABLE_STRICT_OBJC_MSGSEND = YES;
				ENABLE_TESTABILITY = YES;
				ENABLE_USER_SCRIPT_SANDBOXING = YES;
				GCC_C_LANGUAGE_STANDARD = gnu17;
				GCC_DYNAMIC_NO_PIC = NO;
				GCC_NO_COMMON_BLOCKS = YES;
				GCC_OPTIMIZATION_LEVEL = 0;
				GCC_PREPROCESSOR_DEFINITIONS = (
					"DEBUG=1",
					"$(inherited)",
				);
				GCC_WARN_64_TO_32_BIT_CONVERSION = YES;
				GCC_WARN_ABOUT_RETURN_TYPE = YES_ERROR;
				GCC_WARN_UNDECLARED_SELECTOR = YES;
				GCC_WARN_UNINITIALIZED_AUTOS = YES_AGGRESSIVE;
				GCC_WARN_UNUSED_FUNCTION = YES;
				GCC_WARN_UNUSED_VARIABLE = YES;
				IPHONEOS_DEPLOYMENT_TARGET = 17.0;
				LOCALIZATION_PREFERS_STRING_CATALOGS = YES;
				MTL_ENABLE_DEBUG_INFO = INCLUDE_SOURCE;
				MTL_FAST_MATH = YES;
				ONLY_ACTIVE_ARCH = YES;
				SDKROOT = iphoneos;
				SWIFT_ACTIVE_COMPILATION_CONDITIONS = "DEBUG $(inherited)";
				SWIFT_OPTIMIZATION_LEVEL = "-Onone";
			};
			name = Debug;
		};
		72A8BCE22C0F0D7D00851BC1 /* Release */ = {
			isa = XCBuildConfiguration;
			buildSettings = {
				ALWAYS_SEARCH_USER_PATHS = NO;
				ASSETCATALOG_COMPILER_GENERATE_SWIFT_ASSET_SYMBOL_EXTENSIONS = YES;
				CLANG_ANALYZER_NONNULL = YES;
				CLANG_ANALYZER_NUMBER_OBJECT_CONVERSION = YES_AGGRESSIVE;
				CLANG_CXX_LANGUAGE_STANDARD = "gnu++20";
				CLANG_ENABLE_MODULES = YES;
				CLANG_ENABLE_OBJC_ARC = YES;
				CLANG_ENABLE_OBJC_WEAK = YES;
				CLANG_WARN_BLOCK_CAPTURE_AUTORELEASING = YES;
				CLANG_WARN_BOOL_CONVERSION = YES;
				CLANG_WARN_COMMA = YES;
				CLANG_WARN_CONSTANT_CONVERSION = YES;
				CLANG_WARN_DEPRECATED_OBJC_IMPLEMENTATIONS = YES;
				CLANG_WARN_DIRECT_OBJC_ISA_USAGE = YES_ERROR;
				CLANG_WARN_DOCUMENTATION_COMMENTS = YES;
				CLANG_WARN_EMPTY_BODY = YES;
				CLANG_WARN_ENUM_CONVERSION = YES;
				CLANG_WARN_INFINITE_RECURSION = YES;
				CLANG_WARN_INT_CONVERSION = YES;
				CLANG_WARN_NON_LITERAL_NULL_CONVERSION = YES;
				CLANG_WARN_OBJC_IMPLICIT_RETAIN_SELF = YES;
				CLANG_WARN_OBJC_LITERAL_CONVERSION = YES;
				CLANG_WARN_OBJC_ROOT_CLASS = YES_ERROR;
				CLANG_WARN_QUOTED_INCLUDE_IN_FRAMEWORK_HEADER = YES;
				CLANG_WARN_RANGE_LOOP_ANALYSIS = YES;
				CLANG_WARN_STRICT_PROTOTYPES = YES;
				CLANG_WARN_SUSPICIOUS_MOVE = YES;
				CLANG_WARN_UNGUARDED_AVAILABILITY = YES_AGGRESSIVE;
				CLANG_WARN_UNREACHABLE_CODE = YES;
				CLANG_WARN__DUPLICATE_METHOD_MATCH = YES;
				COPY_PHASE_STRIP = NO;
				DEBUG_INFORMATION_FORMAT = "dwarf-with-dsym";
				ENABLE_NS_ASSERTIONS = NO;
				ENABLE_STRICT_OBJC_MSGSEND = YES;
				ENABLE_USER_SCRIPT_SANDBOXING = YES;
				GCC_C_LANGUAGE_STANDARD = gnu17;
				GCC_NO_COMMON_BLOCKS = YES;
				GCC_WARN_64_TO_32_BIT_CONVERSION = YES;
				GCC_WARN_ABOUT_RETURN_TYPE = YES_ERROR;
				GCC_WARN_UNDECLARED_SELECTOR = YES;
				GCC_WARN_UNINITIALIZED_AUTOS = YES_AGGRESSIVE;
				GCC_WARN_UNUSED_FUNCTION = YES;
				GCC_WARN_UNUSED_VARIABLE = YES;
				IPHONEOS_DEPLOYMENT_TARGET = 17.0;
				LOCALIZATION_PREFERS_STRING_CATALOGS = YES;
				MTL_ENABLE_DEBUG_INFO = NO;
				MTL_FAST_MATH = YES;
				SDKROOT = iphoneos;
				SWIFT_COMPILATION_MODE = wholemodule;
				VALIDATE_PRODUCT = YES;
			};
			name = Release;
		};
		72A8BCE42C0F0D7D00851BC1 /* Debug */ = {
			isa = XCBuildConfiguration;
			buildSettings = {
				ASSETCATALOG_COMPILER_APPICON_NAME = AppIcon;
				ASSETCATALOG_COMPILER_GLOBAL_ACCENT_COLOR_NAME = AccentColor;
				CODE_SIGN_STYLE = Automatic;
				CURRENT_PROJECT_VERSION = 1;
				DEVELOPMENT_ASSET_PATHS = "\"SwiftMVVM/Preview Content\"";
				DEVELOPMENT_TEAM = 6958QX5U52;
				ENABLE_PREVIEWS = YES;
				GENERATE_INFOPLIST_FILE = YES;
				INFOPLIST_KEY_UIApplicationSceneManifest_Generation = YES;
				INFOPLIST_KEY_UIApplicationSupportsIndirectInputEvents = YES;
				INFOPLIST_KEY_UILaunchScreen_Generation = YES;
				INFOPLIST_KEY_UISupportedInterfaceOrientations_iPad = "UIInterfaceOrientationPortrait UIInterfaceOrientationPortraitUpsideDown UIInterfaceOrientationLandscapeLeft UIInterfaceOrientationLandscapeRight";
				INFOPLIST_KEY_UISupportedInterfaceOrientations_iPhone = "UIInterfaceOrientationPortrait UIInterfaceOrientationLandscapeLeft UIInterfaceOrientationLandscapeRight";
				LD_RUNPATH_SEARCH_PATHS = (
					"$(inherited)",
					"@executable_path/Frameworks",
				);
				MARKETING_VERSION = 1.0;
				PRODUCT_BUNDLE_IDENTIFIER = com.hitesh.SwiftMVVM;
				PRODUCT_NAME = "$(TARGET_NAME)";
				SWIFT_EMIT_LOC_STRINGS = YES;
				SWIFT_VERSION = 5.0;
				TARGETED_DEVICE_FAMILY = "1,2";
			};
			name = Debug;
		};
		72A8BCE52C0F0D7D00851BC1 /* Release */ = {
			isa = XCBuildConfiguration;
			buildSettings = {
				ASSETCATALOG_COMPILER_APPICON_NAME = AppIcon;
				ASSETCATALOG_COMPILER_GLOBAL_ACCENT_COLOR_NAME = AccentColor;
				CODE_SIGN_STYLE = Automatic;
				CURRENT_PROJECT_VERSION = 1;
				DEVELOPMENT_ASSET_PATHS = "\"SwiftMVVM/Preview Content\"";
				DEVELOPMENT_TEAM = 6958QX5U52;
				ENABLE_PREVIEWS = YES;
				GENERATE_INFOPLIST_FILE = YES;
				INFOPLIST_KEY_UIApplicationSceneManifest_Generation = YES;
				INFOPLIST_KEY_UIApplicationSupportsIndirectInputEvents = YES;
				INFOPLIST_KEY_UILaunchScreen_Generation = YES;
				INFOPLIST_KEY_UISupportedInterfaceOrientations_iPad = "UIInterfaceOrientationPortrait UIInterfaceOrientationPortraitUpsideDown UIInterfaceOrientationLandscapeLeft UIInterfaceOrientationLandscapeRight";
				INFOPLIST_KEY_UISupportedInterfaceOrientations_iPhone = "UIInterfaceOrientationPortrait UIInterfaceOrientationLandscapeLeft UIInterfaceOrientationLandscapeRight";
				LD_RUNPATH_SEARCH_PATHS = (
					"$(inherited)",
					"@executable_path/Frameworks",
				);
				MARKETING_VERSION = 1.0;
				PRODUCT_BUNDLE_IDENTIFIER = com.hitesh.SwiftMVVM;
				PRODUCT_NAME = "$(TARGET_NAME)";
				SWIFT_EMIT_LOC_STRINGS = YES;
				SWIFT_VERSION = 5.0;
				TARGETED_DEVICE_FAMILY = "1,2";
			};
			name = Release;
		};
		72A8BCE72C0F0D7D00851BC1 /* Debug */ = {
			isa = XCBuildConfiguration;
			buildSettings = {
				ALWAYS_EMBED_SWIFT_STANDARD_LIBRARIES = YES;
				BUNDLE_LOADER = "$(TEST_HOST)";
				CODE_SIGN_STYLE = Automatic;
				CURRENT_PROJECT_VERSION = 1;
				DEVELOPMENT_TEAM = 6958QX5U52;
				GENERATE_INFOPLIST_FILE = YES;
				IPHONEOS_DEPLOYMENT_TARGET = 17.0;
				MARKETING_VERSION = 1.0;
				PRODUCT_BUNDLE_IDENTIFIER = com.hitesh.SwiftMVVMTests;
				PRODUCT_NAME = "$(TARGET_NAME)";
				SWIFT_EMIT_LOC_STRINGS = NO;
				SWIFT_VERSION = 5.0;
				TARGETED_DEVICE_FAMILY = "1,2";
				TEST_HOST = "$(BUILT_PRODUCTS_DIR)/SwiftMVVM.app/$(BUNDLE_EXECUTABLE_FOLDER_PATH)/SwiftMVVM";
			};
			name = Debug;
		};
		72A8BCE82C0F0D7D00851BC1 /* Release */ = {
			isa = XCBuildConfiguration;
			buildSettings = {
				ALWAYS_EMBED_SWIFT_STANDARD_LIBRARIES = YES;
				BUNDLE_LOADER = "$(TEST_HOST)";
				CODE_SIGN_STYLE = Automatic;
				CURRENT_PROJECT_VERSION = 1;
				DEVELOPMENT_TEAM = 6958QX5U52;
				GENERATE_INFOPLIST_FILE = YES;
				IPHONEOS_DEPLOYMENT_TARGET = 17.0;
				MARKETING_VERSION = 1.0;
				PRODUCT_BUNDLE_IDENTIFIER = com.hitesh.SwiftMVVMTests;
				PRODUCT_NAME = "$(TARGET_NAME)";
				SWIFT_EMIT_LOC_STRINGS = NO;
				SWIFT_VERSION = 5.0;
				TARGETED_DEVICE_FAMILY = "1,2";
				TEST_HOST = "$(BUILT_PRODUCTS_DIR)/SwiftMVVM.app/$(BUNDLE_EXECUTABLE_FOLDER_PATH)/SwiftMVVM";
			};
			name = Release;
		};
		72A8BCEA2C0F0D7D00851BC1 /* Debug */ = {
			isa = XCBuildConfiguration;
			buildSettings = {
				ALWAYS_EMBED_SWIFT_STANDARD_LIBRARIES = YES;
				CODE_SIGN_STYLE = Automatic;
				CURRENT_PROJECT_VERSION = 1;
				DEVELOPMENT_TEAM = 6958QX5U52;
				GENERATE_INFOPLIST_FILE = YES;
				MARKETING_VERSION = 1.0;
				PRODUCT_BUNDLE_IDENTIFIER = com.hitesh.SwiftMVVMUITests;
				PRODUCT_NAME = "$(TARGET_NAME)";
				SWIFT_EMIT_LOC_STRINGS = NO;
				SWIFT_VERSION = 5.0;
				TARGETED_DEVICE_FAMILY = "1,2";
				TEST_TARGET_NAME = SwiftMVVM;
			};
			name = Debug;
		};
		72A8BCEB2C0F0D7D00851BC1 /* Release */ = {
			isa = XCBuildConfiguration;
			buildSettings = {
				ALWAYS_EMBED_SWIFT_STANDARD_LIBRARIES = YES;
				CODE_SIGN_STYLE = Automatic;
				CURRENT_PROJECT_VERSION = 1;
				DEVELOPMENT_TEAM = 6958QX5U52;
				GENERATE_INFOPLIST_FILE = YES;
				MARKETING_VERSION = 1.0;
				PRODUCT_BUNDLE_IDENTIFIER = com.hitesh.SwiftMVVMUITests;
				PRODUCT_NAME = "$(TARGET_NAME)";
				SWIFT_EMIT_LOC_STRINGS = NO;
				SWIFT_VERSION = 5.0;
				TARGETED_DEVICE_FAMILY = "1,2";
				TEST_TARGET_NAME = SwiftMVVM;
			};
			name = Release;
		};
/* End XCBuildConfiguration section */

/* Begin XCConfigurationList section */
		72A8BCBA2C0F0D7A00851BC1 /* Build configuration list for PBXProject "SwiftMVVM" */ = {
			isa = XCConfigurationList;
			buildConfigurations = (
				72A8BCE12C0F0D7D00851BC1 /* Debug */,
				72A8BCE22C0F0D7D00851BC1 /* Release */,
			);
			defaultConfigurationIsVisible = 0;
			defaultConfigurationName = Release;
		};
		72A8BCE32C0F0D7D00851BC1 /* Build configuration list for PBXNativeTarget "SwiftMVVM" */ = {
			isa = XCConfigurationList;
			buildConfigurations = (
				72A8BCE42C0F0D7D00851BC1 /* Debug */,
				72A8BCE52C0F0D7D00851BC1 /* Release */,
			);
			defaultConfigurationIsVisible = 0;
			defaultConfigurationName = Release;
		};
		72A8BCE62C0F0D7D00851BC1 /* Build configuration list for PBXNativeTarget "SwiftMVVMTests" */ = {
			isa = XCConfigurationList;
			buildConfigurations = (
				72A8BCE72C0F0D7D00851BC1 /* Debug */,
				72A8BCE82C0F0D7D00851BC1 /* Release */,
			);
			defaultConfigurationIsVisible = 0;
			defaultConfigurationName = Release;
		};
		72A8BCE92C0F0D7D00851BC1 /* Build configuration list for PBXNativeTarget "SwiftMVVMUITests" */ = {
			isa = XCConfigurationList;
			buildConfigurations = (
				72A8BCEA2C0F0D7D00851BC1 /* Debug */,
				72A8BCEB2C0F0D7D00851BC1 /* Release */,
			);
			defaultConfigurationIsVisible = 0;
			defaultConfigurationName = Release;
		};
/* End XCConfigurationList section */
	};
	rootObject = 72A8BCB72C0F0D7A00851BC1 /* Project object */;
}
